# THIS IS AN AUTOGENERATED FILE. DO NOT EDIT THIS FILE DIRECTLY.
# yarn lockfile v1


bignumber.js@^9.0.2:
  version "9.0.2"
  resolved "https://registry.yarnpkg.com/bignumber.js/-/bignumber.js-9.0.2.tgz#71c6c6bed38de64e24a65ebe16cfcf23ae693673"
  integrity sha512-GAcQvbpsM0pUb0zw1EI0KhQEZ+lRwR5fYaAp3vPOYuP7aDvGy6cVN6XHLauvF8SOga2y0dcLcjt3iQDTSEliyw==

js-big-decimal@^1.3.4:
  version "1.3.4"
  resolved "https://registry.yarnpkg.com/js-big-decimal/-/js-big-decimal-1.3.4.tgz#212f6e18bdc332b73a2ec2e5ea322c5a7516289e"
  integrity sha512-wF8j7/WuGn/mwcgo7xofgeQTmJAf8uaiNRFWaM3usTn4NSQtyggdg8FofFumuVnvftWYEmHZBtxKgRK9hlOPiw==

node-bin-setup@^1.0.0:
  version "1.1.0"
  resolved "https://registry.yarnpkg.com/node-bin-setup/-/node-bin-setup-1.1.0.tgz#9df94c41335a8f41958a639b2736f860582a209c"
  integrity sha512-pTeU6NgUrexiLNtd+AKwvg6cngHMvj5FZ5e2bbv2ogBSIc9yhkXSSaTScfSRZnwHIh5YFmYSYlemLWkiKD7rog==

node@^17.5.0:
  version "17.5.0"
  resolved "https://registry.yarnpkg.com/node/-/node-17.5.0.tgz#83ca701fd6d095db9eed357ff1f8da65c66a71ea"
  integrity sha512-phtmk98gFt4w7OYxOimYpkopZPlTV4Wv01hpwQxU4JoNCqN7tNtdhJDa/i7TH4DuJuN4QYeUH+C1/y0QD82Y5g==
  dependencies:
    node-bin-setup "^1.0.0"
